
Microsoft Visual Studio Solution File, Format Version 12.00
# Visual Studio 15
VisualStudioVersion = 15.0.28010.2050
MinimumVisualStudioVersion = 10.0.40219.1
Project("{9A19103F-16F7-4668-BE54-9A1E7A4F7556}") = "iRon.Cache", "iRon.Cache\iRon.Cache.csproj", "{0AA261E7-9B09-4CD4-B332-9E5ADB119EAD}"
EndProject
Project("{FAE04EC0-301F-11D3-BF4B-00C04F79EFBC}") = "iRon.Cache.Example", "iRon.Cache.Example\iRon.Cache.Example.csproj", "{D7F27365-78CB-4A9F-A20B-21DCE614CCC9}"
EndProject
Project("{FAE04EC0-301F-11D3-BF4B-00C04F79EFBC}") = "iRon.Cache.Tests", "iRon.Cache.Tests\iRon.Cache.Tests.csproj", "{E9337898-129C-4E1C-8E41-6BA6BEF11EB3}"
EndProject
Global
	GlobalSection(SolutionConfigurationPlatforms) = preSolution
		Debug|Any CPU = Debug|Any CPU
		Release|Any CPU = Release|Any CPU
	EndGlobalSection
	GlobalSection(ProjectConfigurationPlatforms) = postSolution
		{0AA261E7-9B09-4CD4-B332-9E5ADB119EAD}.Debug|Any CPU.ActiveCfg = Debug|Any CPU
		{0AA261E7-9B09-4CD4-B332-9E5ADB119EAD}.Debug|Any CPU.Build.0 = Debug|Any CPU
		{0AA261E7-9B09-4CD4-B332-9E5ADB119EAD}.Release|Any CPU.ActiveCfg = Release|Any CPU
		{0AA261E7-9B09-4CD4-B332-9E5ADB119EAD}.Release|Any CPU.Build.0 = Release|Any CPU
		{D7F27365-78CB-4A9F-A20B-21DCE614CCC9}.Debug|Any CPU.ActiveCfg = Debug|Any CPU
		{D7F27365-78CB-4A9F-A20B-21DCE614CCC9}.Debug|Any CPU.Build.0 = Debug|Any CPU
		{D7F27365-78CB-4A9F-A20B-21DCE614CCC9}.Release|Any CPU.ActiveCfg = Release|Any CPU
		{D7F27365-78CB-4A9F-A20B-21DCE614CCC9}.Release|Any CPU.Build.0 = Release|Any CPU
		{E9337898-129C-4E1C-8E41-6BA6BEF11EB3}.Debug|Any CPU.ActiveCfg = Debug|Any CPU
		{E9337898-129C-4E1C-8E41-6BA6BEF11EB3}.Debug|Any CPU.Build.0 = Debug|Any CPU
		{E9337898-129C-4E1C-8E41-6BA6BEF11EB3}.Release|Any CPU.ActiveCfg = Release|Any CPU
		{E9337898-129C-4E1C-8E41-6BA6BEF11EB3}.Release|Any CPU.Build.0 = Release|Any CPU
	EndGlobalSection
	GlobalSection(SolutionProperties) = preSolution
		HideSolutionNode = FALSE
	EndGlobalSection
	GlobalSection(ExtensibilityGlobals) = postSolution
		SolutionGuid = {029EF41C-B72C-428B-A59F-D317F174E440}
	EndGlobalSection
EndGlobal
